// !$*UTF8*$!
{
	archiveVersion = 1;
	classes = {
	};
	objectVersion = 77;
	objects = {

/* Begin PBXBuildFile section */
		8459A2512E5419F80060C14E /* ComposableArchitecture in Frameworks */ = {isa = PBXBuildFile; productRef = 8459A2502E5419F80060C14E /* ComposableArchitecture */; };
/* End PBXBuildFile section */

/* Begin PBXContainerItemProxy section */
		8459A22C2E5417C50060C14E /* PBXContainerItemProxy */ = {
			isa = PBXContainerItemProxy;
			containerPortal = 8459A20F2E5417C20060C14E /* Project object */;
			proxyType = 1;
			remoteGlobalIDString = 8459A2162E5417C20060C14E;
			remoteInfo = FamilyBudget;
		};
		8459A2362E5417C50060C14E /* PBXContainerItemProxy */ = {
			isa = PBXContainerItemProxy;
			containerPortal = 8459A20F2E5417C20060C14E /* Project object */;
			proxyType = 1;
			remoteGlobalIDString = 8459A2162E5417C20060C14E;
			remoteInfo = FamilyBudget;
		};
/* End PBXContainerItemProxy section */

/* Begin PBXFileReference section */
		8459A2172E5417C20060C14E /* FamilyBudget.app */ = {isa = PBXFileReference; explicitFileType = wrapper.application; includeInIndex = 0; path = FamilyBudget.app; sourceTree = BUILT_PRODUCTS_DIR; };
		8459A22B2E5417C50060C14E /* FamilyBudgetTests.xctest */ = {isa = PBXFileReference; explicitFileType = wrapper.cfbundle; includeInIndex = 0; path = FamilyBudgetTests.xctest; sourceTree = BUILT_PRODUCTS_DIR; };
		8459A2352E5417C50060C14E /* FamilyBudgetUITests.xctest */ = {isa = PBXFileReference; explicitFileType = wrapper.cfbundle; includeInIndex = 0; path = FamilyBudgetUITests.xctest; sourceTree = BUILT_PRODUCTS_DIR; };
/* End PBXFileReference section */

/* Begin PBXFileSystemSynchronizedBuildFileExceptionSet section */
		8459A23D2E5417C50060C14E /* Exceptions for "FamilyBudget" folder in "FamilyBudget" target */ = {
			isa = PBXFileSystemSynchronizedBuildFileExceptionSet;
			membershipExceptions = (
				Config/Info.plist,
			);
			target = 8459A2162E5417C20060C14E /* FamilyBudget */;
		};
/* End PBXFileSystemSynchronizedBuildFileExceptionSet section */

/* Begin PBXFileSystemSynchronizedRootGroup section */
		8459A2192E5417C20060C14E /* FamilyBudget */ = {
			isa = PBXFileSystemSynchronizedRootGroup;
			exceptions = (
				8459A23D2E5417C50060C14E /* Exceptions for "FamilyBudget" folder in "FamilyBudget" target */,
			);
			path = FamilyBudget;
			sourceTree = "<group>";
		};
		8459A22E2E5417C50060C14E /* FamilyBudgetTests */ = {
			isa = PBXFileSystemSynchronizedRootGroup;
			path = FamilyBudgetTests;
			sourceTree = "<group>";
		};
		8459A2382E5417C50060C14E /* FamilyBudgetUITests */ = {
			isa = PBXFileSystemSynchronizedRootGroup;
			path = FamilyBudgetUITests;
			sourceTree = "<group>";
		};
/* End PBXFileSystemSynchronizedRootGroup section */

/* Begin PBXFrameworksBuildPhase section */
		8459A2142E5417C20060C14E /* Frameworks */ = {
			isa = PBXFrameworksBuildPhase;
			buildActionMask = 2147483647;
			files = (
				8459A2512E5419F80060C14E /* ComposableArchitecture in Frameworks */,
			);
			runOnlyForDeploymentPostprocessing = 0;
		};
		8459A2282E5417C50060C14E /* Frameworks */ = {
			isa = PBXFrameworksBuildPhase;
			buildActionMask = 2147483647;
			files = (
			);
			runOnlyForDeploymentPostprocessing = 0;
		};
		8459A2322E5417C50060C14E /* Frameworks */ = {
			isa = PBXFrameworksBuildPhase;
			buildActionMask = 2147483647;
			files = (
			);
			runOnlyForDeploymentPostprocessing = 0;
		};
/* End PBXFrameworksBuildPhase section */

/* Begin PBXGroup section */
		8459A20E2E5417C20060C14E = {
			isa = PBXGroup;
			children = (
				8459A2192E5417C20060C14E /* FamilyBudget */,
				8459A22E2E5417C50060C14E /* FamilyBudgetTests */,
				8459A2382E5417C50060C14E /* FamilyBudgetUITests */,
				8459A2182E5417C20060C14E /* Products */,
			);
			sourceTree = "<group>";
		};
		8459A2182E5417C20060C14E /* Products */ = {
			isa = PBXGroup;
			children = (
				8459A2172E5417C20060C14E /* FamilyBudget.app */,
				8459A22B2E5417C50060C14E /* FamilyBudgetTests.xctest */,
				8459A2352E5417C50060C14E /* FamilyBudgetUITests.xctest */,
			);
			name = Products;
			sourceTree = "<group>";
		};
/* End PBXGroup section */

/* Begin PBXNativeTarget section */
		8459A2162E5417C20060C14E /* FamilyBudget */ = {
			isa = PBXNativeTarget;
			buildConfigurationList = 8459A23E2E5417C50060C14E /* Build configuration list for PBXNativeTarget "FamilyBudget" */;
			buildPhases = (
				8459A2132E5417C20060C14E /* Sources */,
				8459A2142E5417C20060C14E /* Frameworks */,
				8459A2152E5417C20060C14E /* Resources */,
				8459A2A92E541BEF0060C14E /* SwiftLint */,
			);
			buildRules = (
			);
			dependencies = (
			);
			fileSystemSynchronizedGroups = (
				8459A2192E5417C20060C14E /* FamilyBudget */,
			);
			name = FamilyBudget;
			packageProductDependencies = (
				8459A2502E5419F80060C14E /* ComposableArchitecture */,
			);
			productName = FamilyBudget;
			productReference = 8459A2172E5417C20060C14E /* FamilyBudget.app */;
			productType = "com.apple.product-type.application";
		};
		8459A22A2E5417C50060C14E /* FamilyBudgetTests */ = {
			isa = PBXNativeTarget;
			buildConfigurationList = 8459A2432E5417C50060C14E /* Build configuration list for PBXNativeTarget "FamilyBudgetTests" */;
			buildPhases = (
				8459A2272E5417C50060C14E /* Sources */,
				8459A2282E5417C50060C14E /* Frameworks */,
				8459A2292E5417C50060C14E /* Resources */,
			);
			buildRules = (
			);
			dependencies = (
				8459A22D2E5417C50060C14E /* PBXTargetDependency */,
			);
			fileSystemSynchronizedGroups = (
				8459A22E2E5417C50060C14E /* FamilyBudgetTests */,
			);
			name = FamilyBudgetTests;
			packageProductDependencies = (
			);
			productName = FamilyBudgetTests;
			productReference = 8459A22B2E5417C50060C14E /* FamilyBudgetTests.xctest */;
			productType = "com.apple.product-type.bundle.unit-test";
		};
		8459A2342E5417C50060C14E /* FamilyBudgetUITests */ = {
			isa = PBXNativeTarget;
			buildConfigurationList = 8459A2462E5417C50060C14E /* Build configuration list for PBXNativeTarget "FamilyBudgetUITests" */;
			buildPhases = (
				8459A2312E5417C50060C14E /* Sources */,
				8459A2322E5417C50060C14E /* Frameworks */,
				8459A2332E5417C50060C14E /* Resources */,
			);
			buildRules = (
			);
			dependencies = (
				8459A2372E5417C50060C14E /* PBXTargetDependency */,
			);
			fileSystemSynchronizedGroups = (
				8459A2382E5417C50060C14E /* FamilyBudgetUITests */,
			);
			name = FamilyBudgetUITests;
			packageProductDependencies = (
			);
			productName = FamilyBudgetUITests;
			productReference = 8459A2352E5417C50060C14E /* FamilyBudgetUITests.xctest */;
			productType = "com.apple.product-type.bundle.ui-testing";
		};
/* End PBXNativeTarget section */

/* Begin PBXProject section */
		8459A20F2E5417C20060C14E /* Project object */ = {
			isa = PBXProject;
			attributes = {
				BuildIndependentTargetsInParallel = 1;
				LastSwiftUpdateCheck = 1630;
				LastUpgradeCheck = 1630;
				TargetAttributes = {
					8459A2162E5417C20060C14E = {
						CreatedOnToolsVersion = 16.3;
					};
					8459A22A2E5417C50060C14E = {
						CreatedOnToolsVersion = 16.3;
						TestTargetID = 8459A2162E5417C20060C14E;
					};
					8459A2342E5417C50060C14E = {
						CreatedOnToolsVersion = 16.3;
						TestTargetID = 8459A2162E5417C20060C14E;
					};
				};
			};
			buildConfigurationList = 8459A2122E5417C20060C14E /* Build configuration list for PBXProject "FamilyBudget" */;
			developmentRegion = en;
			hasScannedForEncodings = 0;
			knownRegions = (
				en,
				Base,
			);
			mainGroup = 8459A20E2E5417C20060C14E;
			minimizedProjectReferenceProxies = 1;
			packageReferences = (
				8459A24F2E5419F80060C14E /* XCRemoteSwiftPackageReference "swift-composable-architecture" */,
				8459A2A82E541BA20060C14E /* XCRemoteSwiftPackageReference "SwiftLintPlugins" */,
			);
			preferredProjectObjectVersion = 77;
			productRefGroup = 8459A2182E5417C20060C14E /* Products */;
			projectDirPath = "";
			projectRoot = "";
			targets = (
				8459A2162E5417C20060C14E /* FamilyBudget */,
				8459A22A2E5417C50060C14E /* FamilyBudgetTests */,
				8459A2342E5417C50060C14E /* FamilyBudgetUITests */,
			);
		};
/* End PBXProject section */

/* Begin PBXResourcesBuildPhase section */
		8459A2152E5417C20060C14E /* Resources */ = {
			isa = PBXResourcesBuildPhase;
			buildActionMask = 2147483647;
			files = (
			);
			runOnlyForDeploymentPostprocessing = 0;
		};
		8459A2292E5417C50060C14E /* Resources */ = {
			isa = PBXResourcesBuildPhase;
			buildActionMask = 2147483647;
			files = (
			);
			runOnlyForDeploymentPostprocessing = 0;
		};
		8459A2332E5417C50060C14E /* Resources */ = {
			isa = PBXResourcesBuildPhase;
			buildActionMask = 2147483647;
			files = (
			);
			runOnlyForDeploymentPostprocessing = 0;
		};
/* End PBXResourcesBuildPhase section */

/* Begin PBXShellScriptBuildPhase section */
		8459A2A92E541BEF0060C14E /* SwiftLint */ = {
			isa = PBXShellScriptBuildPhase;
			alwaysOutOfDate = 1;
			buildActionMask = 2147483647;
			files = (
			);
			inputFileListPaths = (
			);
			inputPaths = (
			);
			name = SwiftLint;
			outputFileListPaths = (
			);
			outputPaths = (
			);
			runOnlyForDeploymentPostprocessing = 0;
			shellPath = /bin/sh;
			shellScript = "if which swiftlint >/dev/null; then\n  swiftlint\nelse\n  echo \"warning: SwiftLint not installed, download from https://github.com/realm/SwiftLint\"\nfi\n";
		};
/* End PBXShellScriptBuildPhase section */

/* Begin PBXSourcesBuildPhase section */
		8459A2132E5417C20060C14E /* Sources */ = {
			isa = PBXSourcesBuildPhase;
			buildActionMask = 2147483647;
			files = (
			);
			runOnlyForDeploymentPostprocessing = 0;
		};
		8459A2272E5417C50060C14E /* Sources */ = {
			isa = PBXSourcesBuildPhase;
			buildActionMask = 2147483647;
			files = (
			);
			runOnlyForDeploymentPostprocessing = 0;
		};
		8459A2312E5417C50060C14E /* Sources */ = {
			isa = PBXSourcesBuildPhase;
			buildActionMask = 2147483647;
			files = (
			);
			runOnlyForDeploymentPostprocessing = 0;
		};
/* End PBXSourcesBuildPhase section */

/* Begin PBXTargetDependency section */
		8459A22D2E5417C50060C14E /* PBXTargetDependency */ = {
			isa = PBXTargetDependency;
			target = 8459A2162E5417C20060C14E /* FamilyBudget */;
			targetProxy = 8459A22C2E5417C50060C14E /* PBXContainerItemProxy */;
		};
		8459A2372E5417C50060C14E /* PBXTargetDependency */ = {
			isa = PBXTargetDependency;
			target = 8459A2162E5417C20060C14E /* FamilyBudget */;
			targetProxy = 8459A2362E5417C50060C14E /* PBXContainerItemProxy */;
		};
/* End PBXTargetDependency section */

/* Begin XCBuildConfiguration section */
		8459A23F2E5417C50060C14E /* Debug */ = {
			isa = XCBuildConfiguration;
			buildSettings = {
				ASSETCATALOG_COMPILER_APPICON_NAME = AppIcon;
				ASSETCATALOG_COMPILER_GLOBAL_ACCENT_COLOR_NAME = AccentColor;
				CODE_SIGN_ENTITLEMENTS = FamilyBudget/Config/FamilyBudget.entitlements;
				CODE_SIGN_STYLE = Automatic;
				CURRENT_PROJECT_VERSION = 1;
				ENABLE_PREVIEWS = YES;
				ENABLE_USER_SCRIPT_SANDBOXING = NO;
				GENERATE_INFOPLIST_FILE = YES;
				INFOPLIST_FILE = FamilyBudget/Config/Info.plist;
				INFOPLIST_KEY_UIApplicationSceneManifest_Generation = YES;
				INFOPLIST_KEY_UIApplicationSupportsIndirectInputEvents = YES;
				INFOPLIST_KEY_UILaunchScreen_Generation = YES;
				INFOPLIST_KEY_UISupportedInterfaceOrientations_iPad = "UIInterfaceOrientationPortrait UIInterfaceOrientationPortraitUpsideDown UIInterfaceOrientationLandscapeLeft UIInterfaceOrientationLandscapeRight";
				INFOPLIST_KEY_UISupportedInterfaceOrientations_iPhone = "UIInterfaceOrientationPortrait UIInterfaceOrientationLandscapeLeft UIInterfaceOrientationLandscapeRight";
				LD_RUNPATH_SEARCH_PATHS = (
					"$(inherited)",
					"@executable_path/Frameworks",
				);
				MARKETING_VERSION = 1.0;
				PRODUCT_BUNDLE_IDENTIFIER = com.vvs.FamilyBudget;
				PRODUCT_NAME = "$(TARGET_NAME)";
				SWIFT_EMIT_LOC_STRINGS = YES;
				SWIFT_VERSION = 5.0;
				TARGETED_DEVICE_FAMILY = "1,2";
			};
			name = Debug;
		};
		8459A2402E5417C50060C14E /* Release */ = {
			isa = XCBuildConfiguration;
			buildSettings = {
				ASSETCATALOG_COMPILER_APPICON_NAME = AppIcon;
				ASSETCATALOG_COMPILER_GLOBAL_ACCENT_COLOR_NAME = AccentColor;
				CODE_SIGN_ENTITLEMENTS = FamilyBudget/Config/FamilyBudget.entitlements;
				CODE_SIGN_STYLE = Automatic;
				CURRENT_PROJECT_VERSION = 1;
				ENABLE_PREVIEWS = YES;
				ENABLE_USER_SCRIPT_SANDBOXING = NO;
				GENERATE_INFOPLIST_FILE = YES;
				INFOPLIST_FILE = FamilyBudget/Config/Info.plist;
				INFOPLIST_KEY_UIApplicationSceneManifest_Generation = YES;
				INFOPLIST_KEY_UIApplicationSupportsIndirectInputEvents = YES;
				INFOPLIST_KEY_UILaunchScreen_Generation = YES;
				INFOPLIST_KEY_UISupportedInterfaceOrientations_iPad = "UIInterfaceOrientationPortrait UIInterfaceOrientationPortraitUpsideDown UIInterfaceOrientationLandscapeLeft UIInterfaceOrientationLandscapeRight";
				INFOPLIST_KEY_UISupportedInterfaceOrientations_iPhone = "UIInterfaceOrientationPortrait UIInterfaceOrientationLandscapeLeft UIInterfaceOrientationLandscapeRight";
				LD_RUNPATH_SEARCH_PATHS = (
					"$(inherited)",
					"@executable_path/Frameworks",
				);
				MARKETING_VERSION = 1.0;
				PRODUCT_BUNDLE_IDENTIFIER = com.vvs.FamilyBudget;
				PRODUCT_NAME = "$(TARGET_NAME)";
				SWIFT_EMIT_LOC_STRINGS = YES;
				SWIFT_VERSION = 5.0;
				TARGETED_DEVICE_FAMILY = "1,2";
			};
			name = Release;
		};
		8459A2412E5417C50060C14E /* Debug */ = {
			isa = XCBuildConfiguration;
			buildSettings = {
				ALWAYS_SEARCH_USER_PATHS = NO;
				ASSETCATALOG_COMPILER_GENERATE_SWIFT_ASSET_SYMBOL_EXTENSIONS = YES;
				CLANG_ANALYZER_NONNULL = YES;
				CLANG_ANALYZER_NUMBER_OBJECT_CONVERSION = YES_AGGRESSIVE;
				CLANG_CXX_LANGUAGE_STANDARD = "gnu++20";
				CLANG_ENABLE_MODULES = YES;
				CLANG_ENABLE_OBJC_ARC = YES;
				CLANG_ENABLE_OBJC_WEAK = YES;
				CLANG_WARN_BLOCK_CAPTURE_AUTORELEASING = YES;
				CLANG_WARN_BOOL_CONVERSION = YES;
				CLANG_WARN_COMMA = YES;
				CLANG_WARN_CONSTANT_CONVERSION = YES;
				CLANG_WARN_DEPRECATED_OBJC_IMPLEMENTATIONS = YES;
				CLANG_WARN_DIRECT_OBJC_ISA_USAGE = YES_ERROR;
				CLANG_WARN_DOCUMENTATION_COMMENTS = YES;
				CLANG_WARN_EMPTY_BODY = YES;
				CLANG_WARN_ENUM_CONVERSION = YES;
				CLANG_WARN_INFINITE_RECURSION = YES;
				CLANG_WARN_INT_CONVERSION = YES;
				CLANG_WARN_NON_LITERAL_NULL_CONVERSION = YES;
				CLANG_WARN_OBJC_IMPLICIT_RETAIN_SELF = YES;
				CLANG_WARN_OBJC_LITERAL_CONVERSION = YES;
				CLANG_WARN_OBJC_ROOT_CLASS = YES_ERROR;
				CLANG_WARN_QUOTED_INCLUDE_IN_FRAMEWORK_HEADER = YES;
				CLANG_WARN_RANGE_LOOP_ANALYSIS = YES;
				CLANG_WARN_STRICT_PROTOTYPES = YES;
				CLANG_WARN_SUSPICIOUS_MOVE = YES;
				CLANG_WARN_UNGUARDED_AVAILABILITY = YES_AGGRESSIVE;
				CLANG_WARN_UNREACHABLE_CODE = YES;
				CLANG_WARN__DUPLICATE_METHOD_MATCH = YES;
				COPY_PHASE_STRIP = NO;
				DEBUG_INFORMATION_FORMAT = dwarf;
				ENABLE_STRICT_OBJC_MSGSEND = YES;
				ENABLE_TESTABILITY = YES;
				ENABLE_USER_SCRIPT_SANDBOXING = YES;
				GCC_C_LANGUAGE_STANDARD = gnu17;
				GCC_DYNAMIC_NO_PIC = NO;
				GCC_NO_COMMON_BLOCKS = YES;
				GCC_OPTIMIZATION_LEVEL = 0;
				GCC_PREPROCESSOR_DEFINITIONS = (
					"DEBUG=1",
					"$(inherited)",
				);
				GCC_WARN_64_TO_32_BIT_CONVERSION = YES;
				GCC_WARN_ABOUT_RETURN_TYPE = YES_ERROR;
				GCC_WARN_UNDECLARED_SELECTOR = YES;
				GCC_WARN_UNINITIALIZED_AUTOS = YES_AGGRESSIVE;
				GCC_WARN_UNUSED_FUNCTION = YES;
				GCC_WARN_UNUSED_VARIABLE = YES;
				IPHONEOS_DEPLOYMENT_TARGET = 18.4;
				LOCALIZATION_PREFERS_STRING_CATALOGS = YES;
				MTL_ENABLE_DEBUG_INFO = INCLUDE_SOURCE;
				MTL_FAST_MATH = YES;
				ONLY_ACTIVE_ARCH = YES;
				SDKROOT = iphoneos;
				SWIFT_ACTIVE_COMPILATION_CONDITIONS = "DEBUG $(inherited)";
				SWIFT_OPTIMIZATION_LEVEL = "-Onone";
			};
			name = Debug;
		};
		8459A2422E5417C50060C14E /* Release */ = {
			isa = XCBuildConfiguration;
			buildSettings = {
				ALWAYS_SEARCH_USER_PATHS = NO;
				ASSETCATALOG_COMPILER_GENERATE_SWIFT_ASSET_SYMBOL_EXTENSIONS = YES;
				CLANG_ANALYZER_NONNULL = YES;
				CLANG_ANALYZER_NUMBER_OBJECT_CONVERSION = YES_AGGRESSIVE;
				CLANG_CXX_LANGUAGE_STANDARD = "gnu++20";
				CLANG_ENABLE_MODULES = YES;
				CLANG_ENABLE_OBJC_ARC = YES;
				CLANG_ENABLE_OBJC_WEAK = YES;
				CLANG_WARN_BLOCK_CAPTURE_AUTORELEASING = YES;
				CLANG_WARN_BOOL_CONVERSION = YES;
				CLANG_WARN_COMMA = YES;
				CLANG_WARN_CONSTANT_CONVERSION = YES;
				CLANG_WARN_DEPRECATED_OBJC_IMPLEMENTATIONS = YES;
				CLANG_WARN_DIRECT_OBJC_ISA_USAGE = YES_ERROR;
				CLANG_WARN_DOCUMENTATION_COMMENTS = YES;
				CLANG_WARN_EMPTY_BODY = YES;
				CLANG_WARN_ENUM_CONVERSION = YES;
				CLANG_WARN_INFINITE_RECURSION = YES;
				CLANG_WARN_INT_CONVERSION = YES;
				CLANG_WARN_NON_LITERAL_NULL_CONVERSION = YES;
				CLANG_WARN_OBJC_IMPLICIT_RETAIN_SELF = YES;
				CLANG_WARN_OBJC_LITERAL_CONVERSION = YES;
				CLANG_WARN_OBJC_ROOT_CLASS = YES_ERROR;
				CLANG_WARN_QUOTED_INCLUDE_IN_FRAMEWORK_HEADER = YES;
				CLANG_WARN_RANGE_LOOP_ANALYSIS = YES;
				CLANG_WARN_STRICT_PROTOTYPES = YES;
				CLANG_WARN_SUSPICIOUS_MOVE = YES;
				CLANG_WARN_UNGUARDED_AVAILABILITY = YES_AGGRESSIVE;
				CLANG_WARN_UNREACHABLE_CODE = YES;
				CLANG_WARN__DUPLICATE_METHOD_MATCH = YES;
				COPY_PHASE_STRIP = NO;
				DEBUG_INFORMATION_FORMAT = "dwarf-with-dsym";
				ENABLE_NS_ASSERTIONS = NO;
				ENABLE_STRICT_OBJC_MSGSEND = YES;
				ENABLE_USER_SCRIPT_SANDBOXING = YES;
				GCC_C_LANGUAGE_STANDARD = gnu17;
				GCC_NO_COMMON_BLOCKS = YES;
				GCC_WARN_64_TO_32_BIT_CONVERSION = YES;
				GCC_WARN_ABOUT_RETURN_TYPE = YES_ERROR;
				GCC_WARN_UNDECLARED_SELECTOR = YES;
				GCC_WARN_UNINITIALIZED_AUTOS = YES_AGGRESSIVE;
				GCC_WARN_UNUSED_FUNCTION = YES;
				GCC_WARN_UNUSED_VARIABLE = YES;
				IPHONEOS_DEPLOYMENT_TARGET = 18.4;
				LOCALIZATION_PREFERS_STRING_CATALOGS = YES;
				MTL_ENABLE_DEBUG_INFO = NO;
				MTL_FAST_MATH = YES;
				SDKROOT = iphoneos;
				SWIFT_COMPILATION_MODE = wholemodule;
				VALIDATE_PRODUCT = YES;
			};
			name = Release;
		};
		8459A2442E5417C50060C14E /* Debug */ = {
			isa = XCBuildConfiguration;
			buildSettings = {
				BUNDLE_LOADER = "$(TEST_HOST)";
				CODE_SIGN_STYLE = Automatic;
				CURRENT_PROJECT_VERSION = 1;
				GENERATE_INFOPLIST_FILE = YES;
				IPHONEOS_DEPLOYMENT_TARGET = 18.4;
				MARKETING_VERSION = 1.0;
				PRODUCT_BUNDLE_IDENTIFIER = com.vvs.FamilyBudgetTests;
				PRODUCT_NAME = "$(TARGET_NAME)";
				SWIFT_EMIT_LOC_STRINGS = NO;
				SWIFT_VERSION = 5.0;
				TARGETED_DEVICE_FAMILY = "1,2";
				TEST_HOST = "$(BUILT_PRODUCTS_DIR)/FamilyBudget.app/$(BUNDLE_EXECUTABLE_FOLDER_PATH)/FamilyBudget";
			};
			name = Debug;
		};
		8459A2452E5417C50060C14E /* Release */ = {
			isa = XCBuildConfiguration;
			buildSettings = {
				BUNDLE_LOADER = "$(TEST_HOST)";
				CODE_SIGN_STYLE = Automatic;
				CURRENT_PROJECT_VERSION = 1;
				GENERATE_INFOPLIST_FILE = YES;
				IPHONEOS_DEPLOYMENT_TARGET = 18.4;
				MARKETING_VERSION = 1.0;
				PRODUCT_BUNDLE_IDENTIFIER = com.vvs.FamilyBudgetTests;
				PRODUCT_NAME = "$(TARGET_NAME)";
				SWIFT_EMIT_LOC_STRINGS = NO;
				SWIFT_VERSION = 5.0;
				TARGETED_DEVICE_FAMILY = "1,2";
				TEST_HOST = "$(BUILT_PRODUCTS_DIR)/FamilyBudget.app/$(BUNDLE_EXECUTABLE_FOLDER_PATH)/FamilyBudget";
			};
			name = Release;
		};
		8459A2472E5417C50060C14E /* Debug */ = {
			isa = XCBuildConfiguration;
			buildSettings = {
				CODE_SIGN_STYLE = Automatic;
				CURRENT_PROJECT_VERSION = 1;
				GENERATE_INFOPLIST_FILE = YES;
				MARKETING_VERSION = 1.0;
				PRODUCT_BUNDLE_IDENTIFIER = com.vvs.FamilyBudgetUITests;
				PRODUCT_NAME = "$(TARGET_NAME)";
				SWIFT_EMIT_LOC_STRINGS = NO;
				SWIFT_VERSION = 5.0;
				TARGETED_DEVICE_FAMILY = "1,2";
				TEST_TARGET_NAME = FamilyBudget;
			};
			name = Debug;
		};
		8459A2482E5417C50060C14E /* Release */ = {
			isa = XCBuildConfiguration;
			buildSettings = {
				CODE_SIGN_STYLE = Automatic;
				CURRENT_PROJECT_VERSION = 1;
				GENERATE_INFOPLIST_FILE = YES;
				MARKETING_VERSION = 1.0;
				PRODUCT_BUNDLE_IDENTIFIER = com.vvs.FamilyBudgetUITests;
				PRODUCT_NAME = "$(TARGET_NAME)";
				SWIFT_EMIT_LOC_STRINGS = NO;
				SWIFT_VERSION = 5.0;
				TARGETED_DEVICE_FAMILY = "1,2";
				TEST_TARGET_NAME = FamilyBudget;
			};
			name = Release;
		};
/* End XCBuildConfiguration section */

/* Begin XCConfigurationList section */
		8459A2122E5417C20060C14E /* Build configuration list for PBXProject "FamilyBudget" */ = {
			isa = XCConfigurationList;
			buildConfigurations = (
				8459A2412E5417C50060C14E /* Debug */,
				8459A2422E5417C50060C14E /* Release */,
			);
			defaultConfigurationIsVisible = 0;
			defaultConfigurationName = Release;
		};
		8459A23E2E5417C50060C14E /* Build configuration list for PBXNativeTarget "FamilyBudget" */ = {
			isa = XCConfigurationList;
			buildConfigurations = (
				8459A23F2E5417C50060C14E /* Debug */,
				8459A2402E5417C50060C14E /* Release */,
			);
			defaultConfigurationIsVisible = 0;
			defaultConfigurationName = Release;
		};
		8459A2432E5417C50060C14E /* Build configuration list for PBXNativeTarget "FamilyBudgetTests" */ = {
			isa = XCConfigurationList;
			buildConfigurations = (
				8459A2442E5417C50060C14E /* Debug */,
				8459A2452E5417C50060C14E /* Release */,
			);
			defaultConfigurationIsVisible = 0;
			defaultConfigurationName = Release;
		};
		8459A2462E5417C50060C14E /* Build configuration list for PBXNativeTarget "FamilyBudgetUITests" */ = {
			isa = XCConfigurationList;
			buildConfigurations = (
				8459A2472E5417C50060C14E /* Debug */,
				8459A2482E5417C50060C14E /* Release */,
			);
			defaultConfigurationIsVisible = 0;
			defaultConfigurationName = Release;
		};
/* End XCConfigurationList section */

/* Begin XCRemoteSwiftPackageReference section */
		8459A24F2E5419F80060C14E /* XCRemoteSwiftPackageReference "swift-composable-architecture" */ = {
			isa = XCRemoteSwiftPackageReference;
			repositoryURL = "https://github.com/pointfreeco/swift-composable-architecture";
			requirement = {
				kind = upToNextMajorVersion;
				minimumVersion = 1.21.1;
			};
		};
		8459A2A82E541BA20060C14E /* XCRemoteSwiftPackageReference "SwiftLintPlugins" */ = {
			isa = XCRemoteSwiftPackageReference;
			repositoryURL = "https://github.com/SimplyDanny/SwiftLintPlugins";
			requirement = {
				kind = upToNextMajorVersion;
				minimumVersion = 0.59.1;
			};
		};
/* End XCRemoteSwiftPackageReference section */

/* Begin XCSwiftPackageProductDependency section */
		8459A2502E5419F80060C14E /* ComposableArchitecture */ = {
			isa = XCSwiftPackageProductDependency;
			package = 8459A24F2E5419F80060C14E /* XCRemoteSwiftPackageReference "swift-composable-architecture" */;
			productName = ComposableArchitecture;
		};
/* End XCSwiftPackageProductDependency section */
	};
	rootObject = 8459A20F2E5417C20060C14E /* Project object */;
}
